# @generated by Move, please check-in and do not edit manually.

[move]
version = 2
manifest_digest = "ABEE9F0BDAD422223FABEBC99BCBDC99929C010B58219C6F188CFC9AA45AC8B9"
deps_digest = "F8BBB0CCB2491CA29A3DF03D6F92277A4F3574266507ACD77214D37ECA3F3082"
dependencies = [
  { name = "Sui" },
]

[[move.package]]
name = "MoveStdlib"
source = { git = "https://github.com/MystenLabs/sui.git", rev = "framework/testnet", subdir = "crates/sui-framework/packages/move-stdlib" }

[[move.package]]
name = "Sui"
source = { git = "https://github.com/MystenLabs/sui.git", rev = "framework/testnet", subdir = "crates/sui-framework/packages/sui-framework" }

dependencies = [
  { name = "MoveStdlib" },
]

[move.toolchain-version]
compiler-version = "1.30.1"
edition = "2024.beta"
flavor = "sui"

[env]

[env.testnet]
chain-id = "4c78adac"
original-published-id = "0xac32e282fa811b017e26071f6d8ee200761c9966d6dc8c3fa7b6f05b7a3c92fe"
latest-published-id = "0xac32e282fa811b017e26071f6d8ee200761c9966d6dc8c3fa7b6f05b7a3c92fe"
published-version = "1"

[env.baku]
chain-id = "db4b6646"
original-published-id = "0xb77e02da62e9bba4833029ccf13aea70ac2904b3fc9c49f0e4b1c79b4b903cbd"
latest-published-id = "0xb77e02da62e9bba4833029ccf13aea70ac2904b3fc9c49f0e4b1c79b4b903cbd"
published-version = "1"
